{
  "lockfileVersion": 1,
  "configVersion": 1,
  "workspaces": {
    "": {
      "name": "tools",
      "devDependencies": {
        "prettier": "3.9.3",
      },
    },
  },
  "packages": {
    "prettier": ["prettier@3.9.3", "", { "bin": { "prettier": "bin/prettier.cjs" } }, "sha512-HWmu+K+zvHNpaMfSnYeqdqrDbR16cuIXaPx8WoHaviQkDJh1/0BNtOZmHVQI5jc3wXv0H1yXc9wjvFdXh+n3hQ=="],
  }
}
