{
  "lockfileVersion": 1,
  "configVersion": 1,
  "workspaces": {
    "": {
      "name": "tools",
      "devDependencies": {
        "prettier": "3.8.5",
      },
    },
  },
  "packages": {
    "prettier": ["prettier@3.8.5", "", { "bin": { "prettier": "bin/prettier.cjs" } }, "sha512-zxcTTCedNGJM4R8sj/Cq/F0W/c4iE0afWBcBwMTRtw4WHYP9TWkYjdiH3npPRUYsXQCPR0hTU9yjovOu+E6EQA=="],
  }
}
